// !$*UTF8*$!
{
	archiveVersion = 1;
	classes = {
	};
	objectVersion = 50;
	objects = {

/* Begin PBXBuildFile section */
		99BFF7C02545B04600F4DB73 /* AppDelegate.swift in Sources */ = {isa = PBXBuildFile; fileRef = 99BFF7BF2545B04600F4DB73 /* AppDelegate.swift */; };
		99BFF7C22545B04600F4DB73 /* ContentView.swift in Sources */ = {isa = PBXBuildFile; fileRef = 99BFF7C12545B04600F4DB73 /* ContentView.swift */; };
		99BFF7C42545B04700F4DB73 /* Assets.xcassets in Resources */ = {isa = PBXBuildFile; fileRef = 99BFF7C32545B04700F4DB73 /* Assets.xcassets */; };
		99BFF7C72545B04700F4DB73 /* Preview Assets.xcassets in Resources */ = {isa = PBXBuildFile; fileRef = 99BFF7C62545B04700F4DB73 /* Preview Assets.xcassets */; };
		99BFF7CA2545B04700F4DB73 /* Main.storyboard in Resources */ = {isa = PBXBuildFile; fileRef = 99BFF7C82545B04700F4DB73 /* Main.storyboard */; };
		99BFF7D62545B04700F4DB73 /* DustbinTests.swift in Sources */ = {isa = PBXBuildFile; fileRef = 99BFF7D52545B04700F4DB73 /* DustbinTests.swift */; };
		99BFF7E12545B04700F4DB73 /* DustbinUITests.swift in Sources */ = {isa = PBXBuildFile; fileRef = 99BFF7E02545B04700F4DB73 /* DustbinUITests.swift */; };
		99BFF7F22545B09800F4DB73 /* DustBin.swift in Sources */ = {isa = PBXBuildFile; fileRef = 99BFF7F12545B09700F4DB73 /* DustBin.swift */; };
/* End PBXBuildFile section */

/* Begin PBXContainerItemProxy section */
		99BFF7D22545B04700F4DB73 /* PBXContainerItemProxy */ = {
			isa = PBXContainerItemProxy;
			containerPortal = 99BFF7B42545B04600F4DB73 /* Project object */;
			proxyType = 1;
			remoteGlobalIDString = 99BFF7BB2545B04600F4DB73;
			remoteInfo = Dustbin;
		};
		99BFF7DD2545B04700F4DB73 /* PBXContainerItemProxy */ = {
			isa = PBXContainerItemProxy;
			containerPortal = 99BFF7B42545B04600F4DB73 /* Project object */;
			proxyType = 1;
			remoteGlobalIDString = 99BFF7BB2545B04600F4DB73;
			remoteInfo = Dustbin;
		};
/* End PBXContainerItemProxy section */

/* Begin PBXFileReference section */
		99BFF7BC2545B04600F4DB73 /* Dustbin.app */ = {isa = PBXFileReference; explicitFileType = wrapper.application; includeInIndex = 0; path = Dustbin.app; sourceTree = BUILT_PRODUCTS_DIR; };
		99BFF7BF2545B04600F4DB73 /* AppDelegate.swift */ = {isa = PBXFileReference; lastKnownFileType = sourcecode.swift; path = AppDelegate.swift; sourceTree = "<group>"; };
		99BFF7C12545B04600F4DB73 /* ContentView.swift */ = {isa = PBXFileReference; lastKnownFileType = sourcecode.swift; path = ContentView.swift; sourceTree = "<group>"; };
		99BFF7C32545B04700F4DB73 /* Assets.xcassets */ = {isa = PBXFileReference; lastKnownFileType = folder.assetcatalog; path = Assets.xcassets; sourceTree = "<group>"; };
		99BFF7C62545B04700F4DB73 /* Preview Assets.xcassets */ = {isa = PBXFileReference; lastKnownFileType = folder.assetcatalog; path = "Preview Assets.xcassets"; sourceTree = "<group>"; };
		99BFF7C92545B04700F4DB73 /* Base */ = {isa = PBXFileReference; lastKnownFileType = file.storyboard; name = Base; path = Base.lproj/Main.storyboard; sourceTree = "<group>"; };
		99BFF7CB2545B04700F4DB73 /* Info.plist */ = {isa = PBXFileReference; lastKnownFileType = text.plist.xml; path = Info.plist; sourceTree = "<group>"; };
		99BFF7CC2545B04700F4DB73 /* Dustbin.entitlements */ = {isa = PBXFileReference; lastKnownFileType = text.plist.entitlements; path = Dustbin.entitlements; sourceTree = "<group>"; };
		99BFF7D12545B04700F4DB73 /* DustbinTests.xctest */ = {isa = PBXFileReference; explicitFileType = wrapper.cfbundle; includeInIndex = 0; path = DustbinTests.xctest; sourceTree = BUILT_PRODUCTS_DIR; };
		99BFF7D52545B04700F4DB73 /* DustbinTests.swift */ = {isa = PBXFileReference; lastKnownFileType = sourcecode.swift; path = DustbinTests.swift; sourceTree = "<group>"; };
		99BFF7D72545B04700F4DB73 /* Info.plist */ = {isa = PBXFileReference; lastKnownFileType = text.plist.xml; path = Info.plist; sourceTree = "<group>"; };
		99BFF7DC2545B04700F4DB73 /* DustbinUITests.xctest */ = {isa = PBXFileReference; explicitFileType = wrapper.cfbundle; includeInIndex = 0; path = DustbinUITests.xctest; sourceTree = BUILT_PRODUCTS_DIR; };
		99BFF7E02545B04700F4DB73 /* DustbinUITests.swift */ = {isa = PBXFileReference; lastKnownFileType = sourcecode.swift; path = DustbinUITests.swift; sourceTree = "<group>"; };
		99BFF7E22545B04700F4DB73 /* Info.plist */ = {isa = PBXFileReference; lastKnownFileType = text.plist.xml; path = Info.plist; sourceTree = "<group>"; };
		99BFF7F12545B09700F4DB73 /* DustBin.swift */ = {isa = PBXFileReference; lastKnownFileType = sourcecode.swift; path = DustBin.swift; sourceTree = "<group>"; };
/* End PBXFileReference section */

/* Begin PBXFrameworksBuildPhase section */
		99BFF7B92545B04600F4DB73 /* Frameworks */ = {
			isa = PBXFrameworksBuildPhase;
			buildActionMask = 2147483647;
			files = (
			);
			runOnlyForDeploymentPostprocessing = 0;
		};
		99BFF7CE2545B04700F4DB73 /* Frameworks */ = {
			isa = PBXFrameworksBuildPhase;
			buildActionMask = 2147483647;
			files = (
			);
			runOnlyForDeploymentPostprocessing = 0;
		};
		99BFF7D92545B04700F4DB73 /* Frameworks */ = {
			isa = PBXFrameworksBuildPhase;
			buildActionMask = 2147483647;
			files = (
			);
			runOnlyForDeploymentPostprocessing = 0;
		};
/* End PBXFrameworksBuildPhase section */

/* Begin PBXGroup section */
		99BFF7B32545B04600F4DB73 = {
			isa = PBXGroup;
			children = (
				99BFF7BE2545B04600F4DB73 /* Dustbin */,
				99BFF7D42545B04700F4DB73 /* DustbinTests */,
				99BFF7DF2545B04700F4DB73 /* DustbinUITests */,
				99BFF7BD2545B04600F4DB73 /* Products */,
			);
			sourceTree = "<group>";
		};
		99BFF7BD2545B04600F4DB73 /* Products */ = {
			isa = PBXGroup;
			children = (
				99BFF7BC2545B04600F4DB73 /* Dustbin.app */,
				99BFF7D12545B04700F4DB73 /* DustbinTests.xctest */,
				99BFF7DC2545B04700F4DB73 /* DustbinUITests.xctest */,
			);
			name = Products;
			sourceTree = "<group>";
		};
		99BFF7BE2545B04600F4DB73 /* Dustbin */ = {
			isa = PBXGroup;
			children = (
				99BFF7BF2545B04600F4DB73 /* AppDelegate.swift */,
				99BFF7F12545B09700F4DB73 /* DustBin.swift */,
				99BFF7C12545B04600F4DB73 /* ContentView.swift */,
				99BFF7C32545B04700F4DB73 /* Assets.xcassets */,
				99BFF7C82545B04700F4DB73 /* Main.storyboard */,
				99BFF7CB2545B04700F4DB73 /* Info.plist */,
				99BFF7CC2545B04700F4DB73 /* Dustbin.entitlements */,
				99BFF7C52545B04700F4DB73 /* Preview Content */,
			);
			path = Dustbin;
			sourceTree = "<group>";
		};
		99BFF7C52545B04700F4DB73 /* Preview Content */ = {
			isa = PBXGroup;
			children = (
				99BFF7C62545B04700F4DB73 /* Preview Assets.xcassets */,
			);
			path = "Preview Content";
			sourceTree = "<group>";
		};
		99BFF7D42545B04700F4DB73 /* DustbinTests */ = {
			isa = PBXGroup;
			children = (
				99BFF7D52545B04700F4DB73 /* DustbinTests.swift */,
				99BFF7D72545B04700F4DB73 /* Info.plist */,
			);
			path = DustbinTests;
			sourceTree = "<group>";
		};
		99BFF7DF2545B04700F4DB73 /* DustbinUITests */ = {
			isa = PBXGroup;
			children = (
				99BFF7E02545B04700F4DB73 /* DustbinUITests.swift */,
				99BFF7E22545B04700F4DB73 /* Info.plist */,
			);
			path = DustbinUITests;
			sourceTree = "<group>";
		};
/* End PBXGroup section */

/* Begin PBXNativeTarget section */
		99BFF7BB2545B04600F4DB73 /* Dustbin */ = {
			isa = PBXNativeTarget;
			buildConfigurationList = 99BFF7E52545B04700F4DB73 /* Build configuration list for PBXNativeTarget "Dustbin" */;
			buildPhases = (
				99BFF7B82545B04600F4DB73 /* Sources */,
				99BFF7B92545B04600F4DB73 /* Frameworks */,
				99BFF7BA2545B04600F4DB73 /* Resources */,
			);
			buildRules = (
			);
			dependencies = (
			);
			name = Dustbin;
			productName = Dustbin;
			productReference = 99BFF7BC2545B04600F4DB73 /* Dustbin.app */;
			productType = "com.apple.product-type.application";
		};
		99BFF7D02545B04700F4DB73 /* DustbinTests */ = {
			isa = PBXNativeTarget;
			buildConfigurationList = 99BFF7E82545B04700F4DB73 /* Build configuration list for PBXNativeTarget "DustbinTests" */;
			buildPhases = (
				99BFF7CD2545B04700F4DB73 /* Sources */,
				99BFF7CE2545B04700F4DB73 /* Frameworks */,
				99BFF7CF2545B04700F4DB73 /* Resources */,
			);
			buildRules = (
			);
			dependencies = (
				99BFF7D32545B04700F4DB73 /* PBXTargetDependency */,
			);
			name = DustbinTests;
			productName = DustbinTests;
			productReference = 99BFF7D12545B04700F4DB73 /* DustbinTests.xctest */;
			productType = "com.apple.product-type.bundle.unit-test";
		};
		99BFF7DB2545B04700F4DB73 /* DustbinUITests */ = {
			isa = PBXNativeTarget;
			buildConfigurationList = 99BFF7EB2545B04700F4DB73 /* Build configuration list for PBXNativeTarget "DustbinUITests" */;
			buildPhases = (
				99BFF7D82545B04700F4DB73 /* Sources */,
				99BFF7D92545B04700F4DB73 /* Frameworks */,
				99BFF7DA2545B04700F4DB73 /* Resources */,
			);
			buildRules = (
			);
			dependencies = (
				99BFF7DE2545B04700F4DB73 /* PBXTargetDependency */,
			);
			name = DustbinUITests;
			productName = DustbinUITests;
			productReference = 99BFF7DC2545B04700F4DB73 /* DustbinUITests.xctest */;
			productType = "com.apple.product-type.bundle.ui-testing";
		};
/* End PBXNativeTarget section */

/* Begin PBXProject section */
		99BFF7B42545B04600F4DB73 /* Project object */ = {
			isa = PBXProject;
			attributes = {
				LastSwiftUpdateCheck = 1210;
				LastUpgradeCheck = 1210;
				TargetAttributes = {
					99BFF7BB2545B04600F4DB73 = {
						CreatedOnToolsVersion = 12.1;
					};
					99BFF7D02545B04700F4DB73 = {
						CreatedOnToolsVersion = 12.1;
						TestTargetID = 99BFF7BB2545B04600F4DB73;
					};
					99BFF7DB2545B04700F4DB73 = {
						CreatedOnToolsVersion = 12.1;
						TestTargetID = 99BFF7BB2545B04600F4DB73;
					};
				};
			};
			buildConfigurationList = 99BFF7B72545B04600F4DB73 /* Build configuration list for PBXProject "Dustbin" */;
			compatibilityVersion = "Xcode 9.3";
			developmentRegion = en;
			hasScannedForEncodings = 0;
			knownRegions = (
				en,
				Base,
			);
			mainGroup = 99BFF7B32545B04600F4DB73;
			productRefGroup = 99BFF7BD2545B04600F4DB73 /* Products */;
			projectDirPath = "";
			projectRoot = "";
			targets = (
				99BFF7BB2545B04600F4DB73 /* Dustbin */,
				99BFF7D02545B04700F4DB73 /* DustbinTests */,
				99BFF7DB2545B04700F4DB73 /* DustbinUITests */,
			);
		};
/* End PBXProject section */

/* Begin PBXResourcesBuildPhase section */
		99BFF7BA2545B04600F4DB73 /* Resources */ = {
			isa = PBXResourcesBuildPhase;
			buildActionMask = 2147483647;
			files = (
				99BFF7CA2545B04700F4DB73 /* Main.storyboard in Resources */,
				99BFF7C72545B04700F4DB73 /* Preview Assets.xcassets in Resources */,
				99BFF7C42545B04700F4DB73 /* Assets.xcassets in Resources */,
			);
			runOnlyForDeploymentPostprocessing = 0;
		};
		99BFF7CF2545B04700F4DB73 /* Resources */ = {
			isa = PBXResourcesBuildPhase;
			buildActionMask = 2147483647;
			files = (
			);
			runOnlyForDeploymentPostprocessing = 0;
		};
		99BFF7DA2545B04700F4DB73 /* Resources */ = {
			isa = PBXResourcesBuildPhase;
			buildActionMask = 2147483647;
			files = (
			);
			runOnlyForDeploymentPostprocessing = 0;
		};
/* End PBXResourcesBuildPhase section */

/* Begin PBXSourcesBuildPhase section */
		99BFF7B82545B04600F4DB73 /* Sources */ = {
			isa = PBXSourcesBuildPhase;
			buildActionMask = 2147483647;
			files = (
				99BFF7C22545B04600F4DB73 /* ContentView.swift in Sources */,
				99BFF7C02545B04600F4DB73 /* AppDelegate.swift in Sources */,
				99BFF7F22545B09800F4DB73 /* DustBin.swift in Sources */,
			);
			runOnlyForDeploymentPostprocessing = 0;
		};
		99BFF7CD2545B04700F4DB73 /* Sources */ = {
			isa = PBXSourcesBuildPhase;
			buildActionMask = 2147483647;
			files = (
				99BFF7D62545B04700F4DB73 /* DustbinTests.swift in Sources */,
			);
			runOnlyForDeploymentPostprocessing = 0;
		};
		99BFF7D82545B04700F4DB73 /* Sources */ = {
			isa = PBXSourcesBuildPhase;
			buildActionMask = 2147483647;
			files = (
				99BFF7E12545B04700F4DB73 /* DustbinUITests.swift in Sources */,
			);
			runOnlyForDeploymentPostprocessing = 0;
		};
/* End PBXSourcesBuildPhase section */

/* Begin PBXTargetDependency section */
		99BFF7D32545B04700F4DB73 /* PBXTargetDependency */ = {
			isa = PBXTargetDependency;
			target = 99BFF7BB2545B04600F4DB73 /* Dustbin */;
			targetProxy = 99BFF7D22545B04700F4DB73 /* PBXContainerItemProxy */;
		};
		99BFF7DE2545B04700F4DB73 /* PBXTargetDependency */ = {
			isa = PBXTargetDependency;
			target = 99BFF7BB2545B04600F4DB73 /* Dustbin */;
			targetProxy = 99BFF7DD2545B04700F4DB73 /* PBXContainerItemProxy */;
		};
/* End PBXTargetDependency section */

/* Begin PBXVariantGroup section */
		99BFF7C82545B04700F4DB73 /* Main.storyboard */ = {
			isa = PBXVariantGroup;
			children = (
				99BFF7C92545B04700F4DB73 /* Base */,
			);
			name = Main.storyboard;
			sourceTree = "<group>";
		};
/* End PBXVariantGroup section */

/* Begin XCBuildConfiguration section */
		99BFF7E32545B04700F4DB73 /* Debug */ = {
			isa = XCBuildConfiguration;
			buildSettings = {
				ALWAYS_SEARCH_USER_PATHS = NO;
				CLANG_ANALYZER_NONNULL = YES;
				CLANG_ANALYZER_NUMBER_OBJECT_CONVERSION = YES_AGGRESSIVE;
				CLANG_CXX_LANGUAGE_STANDARD = "gnu++14";
				CLANG_CXX_LIBRARY = "libc++";
				CLANG_ENABLE_MODULES = YES;
				CLANG_ENABLE_OBJC_ARC = YES;
				CLANG_ENABLE_OBJC_WEAK = YES;
				CLANG_WARN_BLOCK_CAPTURE_AUTORELEASING = YES;
				CLANG_WARN_BOOL_CONVERSION = YES;
				CLANG_WARN_COMMA = YES;
				CLANG_WARN_CONSTANT_CONVERSION = YES;
				CLANG_WARN_DEPRECATED_OBJC_IMPLEMENTATIONS = YES;
				CLANG_WARN_DIRECT_OBJC_ISA_USAGE = YES_ERROR;
				CLANG_WARN_DOCUMENTATION_COMMENTS = YES;
				CLANG_WARN_EMPTY_BODY = YES;
				CLANG_WARN_ENUM_CONVERSION = YES;
				CLANG_WARN_INFINITE_RECURSION = YES;
				CLANG_WARN_INT_CONVERSION = YES;
				CLANG_WARN_NON_LITERAL_NULL_CONVERSION = YES;
				CLANG_WARN_OBJC_IMPLICIT_RETAIN_SELF = YES;
				CLANG_WARN_OBJC_LITERAL_CONVERSION = YES;
				CLANG_WARN_OBJC_ROOT_CLASS = YES_ERROR;
				CLANG_WARN_QUOTED_INCLUDE_IN_FRAMEWORK_HEADER = YES;
				CLANG_WARN_RANGE_LOOP_ANALYSIS = YES;
				CLANG_WARN_STRICT_PROTOTYPES = YES;
				CLANG_WARN_SUSPICIOUS_MOVE = YES;
				CLANG_WARN_UNGUARDED_AVAILABILITY = YES_AGGRESSIVE;
				CLANG_WARN_UNREACHABLE_CODE = YES;
				CLANG_WARN__DUPLICATE_METHOD_MATCH = YES;
				COPY_PHASE_STRIP = NO;
				DEBUG_INFORMATION_FORMAT = dwarf;
				ENABLE_STRICT_OBJC_MSGSEND = YES;
				ENABLE_TESTABILITY = YES;
				GCC_C_LANGUAGE_STANDARD = gnu11;
				GCC_DYNAMIC_NO_PIC = NO;
				GCC_NO_COMMON_BLOCKS = YES;
				GCC_OPTIMIZATION_LEVEL = 0;
				GCC_PREPROCESSOR_DEFINITIONS = (
					"DEBUG=1",
					"$(inherited)",
				);
				GCC_WARN_64_TO_32_BIT_CONVERSION = YES;
				GCC_WARN_ABOUT_RETURN_TYPE = YES_ERROR;
				GCC_WARN_UNDECLARED_SELECTOR = YES;
				GCC_WARN_UNINITIALIZED_AUTOS = YES_AGGRESSIVE;
				GCC_WARN_UNUSED_FUNCTION = YES;
				GCC_WARN_UNUSED_VARIABLE = YES;
				MACOSX_DEPLOYMENT_TARGET = 10.15;
				MTL_ENABLE_DEBUG_INFO = INCLUDE_SOURCE;
				MTL_FAST_MATH = YES;
				ONLY_ACTIVE_ARCH = YES;
				SDKROOT = macosx;
				SWIFT_ACTIVE_COMPILATION_CONDITIONS = DEBUG;
				SWIFT_OPTIMIZATION_LEVEL = "-Onone";
			};
			name = Debug;
		};
		99BFF7E42545B04700F4DB73 /* Release */ = {
			isa = XCBuildConfiguration;
			buildSettings = {
				ALWAYS_SEARCH_USER_PATHS = NO;
				CLANG_ANALYZER_NONNULL = YES;
				CLANG_ANALYZER_NUMBER_OBJECT_CONVERSION = YES_AGGRESSIVE;
				CLANG_CXX_LANGUAGE_STANDARD = "gnu++14";
				CLANG_CXX_LIBRARY = "libc++";
				CLANG_ENABLE_MODULES = YES;
				CLANG_ENABLE_OBJC_ARC = YES;
				CLANG_ENABLE_OBJC_WEAK = YES;
				CLANG_WARN_BLOCK_CAPTURE_AUTORELEASING = YES;
				CLANG_WARN_BOOL_CONVERSION = YES;
				CLANG_WARN_COMMA = YES;
				CLANG_WARN_CONSTANT_CONVERSION = YES;
				CLANG_WARN_DEPRECATED_OBJC_IMPLEMENTATIONS = YES;
				CLANG_WARN_DIRECT_OBJC_ISA_USAGE = YES_ERROR;
				CLANG_WARN_DOCUMENTATION_COMMENTS = YES;
				CLANG_WARN_EMPTY_BODY = YES;
				CLANG_WARN_ENUM_CONVERSION = YES;
				CLANG_WARN_INFINITE_RECURSION = YES;
				CLANG_WARN_INT_CONVERSION = YES;
				CLANG_WARN_NON_LITERAL_NULL_CONVERSION = YES;
				CLANG_WARN_OBJC_IMPLICIT_RETAIN_SELF = YES;
				CLANG_WARN_OBJC_LITERAL_CONVERSION = YES;
				CLANG_WARN_OBJC_ROOT_CLASS = YES_ERROR;
				CLANG_WARN_QUOTED_INCLUDE_IN_FRAMEWORK_HEADER = YES;
				CLANG_WARN_RANGE_LOOP_ANALYSIS = YES;
				CLANG_WARN_STRICT_PROTOTYPES = YES;
				CLANG_WARN_SUSPICIOUS_MOVE = YES;
				CLANG_WARN_UNGUARDED_AVAILABILITY = YES_AGGRESSIVE;
				CLANG_WARN_UNREACHABLE_CODE = YES;
				CLANG_WARN__DUPLICATE_METHOD_MATCH = YES;
				COPY_PHASE_STRIP = NO;
				DEBUG_INFORMATION_FORMAT = "dwarf-with-dsym";
				ENABLE_NS_ASSERTIONS = NO;
				ENABLE_STRICT_OBJC_MSGSEND = YES;
				GCC_C_LANGUAGE_STANDARD = gnu11;
				GCC_NO_COMMON_BLOCKS = YES;
				GCC_WARN_64_TO_32_BIT_CONVERSION = YES;
				GCC_WARN_ABOUT_RETURN_TYPE = YES_ERROR;
				GCC_WARN_UNDECLARED_SELECTOR = YES;
				GCC_WARN_UNINITIALIZED_AUTOS = YES_AGGRESSIVE;
				GCC_WARN_UNUSED_FUNCTION = YES;
				GCC_WARN_UNUSED_VARIABLE = YES;
				MACOSX_DEPLOYMENT_TARGET = 10.15;
				MTL_ENABLE_DEBUG_INFO = NO;
				MTL_FAST_MATH = YES;
				SDKROOT = macosx;
				SWIFT_COMPILATION_MODE = wholemodule;
				SWIFT_OPTIMIZATION_LEVEL = "-O";
			};
			name = Release;
		};
		99BFF7E62545B04700F4DB73 /* Debug */ = {
			isa = XCBuildConfiguration;
			buildSettings = {
				ASSETCATALOG_COMPILER_APPICON_NAME = AppIcon;
				ASSETCATALOG_COMPILER_GLOBAL_ACCENT_COLOR_NAME = AccentColor;
				CODE_SIGN_ENTITLEMENTS = Dustbin/Dustbin.entitlements;
				CODE_SIGN_STYLE = Automatic;
				COMBINE_HIDPI_IMAGES = YES;
				DEVELOPMENT_ASSET_PATHS = "\"Dustbin/Preview Content\"";
				DEVELOPMENT_TEAM = Y7DWJJQWXT;
				ENABLE_HARDENED_RUNTIME = YES;
				ENABLE_PREVIEWS = YES;
				INFOPLIST_FILE = Dustbin/Info.plist;
				LD_RUNPATH_SEARCH_PATHS = (
					"$(inherited)",
					"@executable_path/../Frameworks",
				);
				MACOSX_DEPLOYMENT_TARGET = 10.15;
				PRODUCT_BUNDLE_IDENTIFIER = com.Dustbin;
				PRODUCT_NAME = "$(TARGET_NAME)";
				SWIFT_VERSION = 5.0;
			};
			name = Debug;
		};
		99BFF7E72545B04700F4DB73 /* Release */ = {
			isa = XCBuildConfiguration;
			buildSettings = {
				ASSETCATALOG_COMPILER_APPICON_NAME = AppIcon;
				ASSETCATALOG_COMPILER_GLOBAL_ACCENT_COLOR_NAME = AccentColor;
				CODE_SIGN_ENTITLEMENTS = Dustbin/Dustbin.entitlements;
				CODE_SIGN_STYLE = Automatic;
				COMBINE_HIDPI_IMAGES = YES;
				DEVELOPMENT_ASSET_PATHS = "\"Dustbin/Preview Content\"";
				DEVELOPMENT_TEAM = Y7DWJJQWXT;
				ENABLE_HARDENED_RUNTIME = YES;
				ENABLE_PREVIEWS = YES;
				INFOPLIST_FILE = Dustbin/Info.plist;
				LD_RUNPATH_SEARCH_PATHS = (
					"$(inherited)",
					"@executable_path/../Frameworks",
				);
				MACOSX_DEPLOYMENT_TARGET = 10.15;
				PRODUCT_BUNDLE_IDENTIFIER = com.Dustbin;
				PRODUCT_NAME = "$(TARGET_NAME)";
				SWIFT_VERSION = 5.0;
			};
			name = Release;
		};
		99BFF7E92545B04700F4DB73 /* Debug */ = {
			isa = XCBuildConfiguration;
			buildSettings = {
				ALWAYS_EMBED_SWIFT_STANDARD_LIBRARIES = YES;
				BUNDLE_LOADER = "$(TEST_HOST)";
				CODE_SIGN_STYLE = Automatic;
				COMBINE_HIDPI_IMAGES = YES;
				DEVELOPMENT_TEAM = Y7DWJJQWXT;
				INFOPLIST_FILE = DustbinTests/Info.plist;
				LD_RUNPATH_SEARCH_PATHS = (
					"$(inherited)",
					"@executable_path/../Frameworks",
					"@loader_path/../Frameworks",
				);
				MACOSX_DEPLOYMENT_TARGET = 10.15;
				PRODUCT_BUNDLE_IDENTIFIER = com.DustbinTests;
				PRODUCT_NAME = "$(TARGET_NAME)";
				SWIFT_VERSION = 5.0;
				TEST_HOST = "$(BUILT_PRODUCTS_DIR)/Dustbin.app/Contents/MacOS/Dustbin";
			};
			name = Debug;
		};
		99BFF7EA2545B04700F4DB73 /* Release */ = {
			isa = XCBuildConfiguration;
			buildSettings = {
				ALWAYS_EMBED_SWIFT_STANDARD_LIBRARIES = YES;
				BUNDLE_LOADER = "$(TEST_HOST)";
				CODE_SIGN_STYLE = Automatic;
				COMBINE_HIDPI_IMAGES = YES;
				DEVELOPMENT_TEAM = Y7DWJJQWXT;
				INFOPLIST_FILE = DustbinTests/Info.plist;
				LD_RUNPATH_SEARCH_PATHS = (
					"$(inherited)",
					"@executable_path/../Frameworks",
					"@loader_path/../Frameworks",
				);
				MACOSX_DEPLOYMENT_TARGET = 10.15;
				PRODUCT_BUNDLE_IDENTIFIER = com.DustbinTests;
				PRODUCT_NAME = "$(TARGET_NAME)";
				SWIFT_VERSION = 5.0;
				TEST_HOST = "$(BUILT_PRODUCTS_DIR)/Dustbin.app/Contents/MacOS/Dustbin";
			};
			name = Release;
		};
		99BFF7EC2545B04700F4DB73 /* Debug */ = {
			isa = XCBuildConfiguration;
			buildSettings = {
				ALWAYS_EMBED_SWIFT_STANDARD_LIBRARIES = YES;
				CODE_SIGN_STYLE = Automatic;
				COMBINE_HIDPI_IMAGES = YES;
				DEVELOPMENT_TEAM = Y7DWJJQWXT;
				INFOPLIST_FILE = DustbinUITests/Info.plist;
				LD_RUNPATH_SEARCH_PATHS = (
					"$(inherited)",
					"@executable_path/../Frameworks",
					"@loader_path/../Frameworks",
				);
				PRODUCT_BUNDLE_IDENTIFIER = com.DustbinUITests;
				PRODUCT_NAME = "$(TARGET_NAME)";
				SWIFT_VERSION = 5.0;
				TEST_TARGET_NAME = Dustbin;
			};
			name = Debug;
		};
		99BFF7ED2545B04700F4DB73 /* Release */ = {
			isa = XCBuildConfiguration;
			buildSettings = {
				ALWAYS_EMBED_SWIFT_STANDARD_LIBRARIES = YES;
				CODE_SIGN_STYLE = Automatic;
				COMBINE_HIDPI_IMAGES = YES;
				DEVELOPMENT_TEAM = Y7DWJJQWXT;
				INFOPLIST_FILE = DustbinUITests/Info.plist;
				LD_RUNPATH_SEARCH_PATHS = (
					"$(inherited)",
					"@executable_path/../Frameworks",
					"@loader_path/../Frameworks",
				);
				PRODUCT_BUNDLE_IDENTIFIER = com.DustbinUITests;
				PRODUCT_NAME = "$(TARGET_NAME)";
				SWIFT_VERSION = 5.0;
				TEST_TARGET_NAME = Dustbin;
			};
			name = Release;
		};
/* End XCBuildConfiguration section */

/* Begin XCConfigurationList section */
		99BFF7B72545B04600F4DB73 /* Build configuration list for PBXProject "Dustbin" */ = {
			isa = XCConfigurationList;
			buildConfigurations = (
				99BFF7E32545B04700F4DB73 /* Debug */,
				99BFF7E42545B04700F4DB73 /* Release */,
			);
			defaultConfigurationIsVisible = 0;
			defaultConfigurationName = Release;
		};
		99BFF7E52545B04700F4DB73 /* Build configuration list for PBXNativeTarget "Dustbin" */ = {
			isa = XCConfigurationList;
			buildConfigurations = (
				99BFF7E62545B04700F4DB73 /* Debug */,
				99BFF7E72545B04700F4DB73 /* Release */,
			);
			defaultConfigurationIsVisible = 0;
			defaultConfigurationName = Release;
		};
		99BFF7E82545B04700F4DB73 /* Build configuration list for PBXNativeTarget "DustbinTests" */ = {
			isa = XCConfigurationList;
			buildConfigurations = (
				99BFF7E92545B04700F4DB73 /* Debug */,
				99BFF7EA2545B04700F4DB73 /* Release */,
			);
			defaultConfigurationIsVisible = 0;
			defaultConfigurationName = Release;
		};
		99BFF7EB2545B04700F4DB73 /* Build configuration list for PBXNativeTarget "DustbinUITests" */ = {
			isa = XCConfigurationList;
			buildConfigurations = (
				99BFF7EC2545B04700F4DB73 /* Debug */,
				99BFF7ED2545B04700F4DB73 /* Release */,
			);
			defaultConfigurationIsVisible = 0;
			defaultConfigurationName = Release;
		};
/* End XCConfigurationList section */
	};
	rootObject = 99BFF7B42545B04600F4DB73 /* Project object */;
}
